
Microsoft Visual Studio Solution File, Format Version 12.00
# Visual Studio 2013
VisualStudioVersion = 12.0.30723.0
MinimumVisualStudioVersion = 10.0.40219.1
Project("{FAE04EC0-301F-11D3-BF4B-00C04F79EFBC}") = "WebApplication", "WebApplication\WebApplication.csproj", "{78AC34D5-B158-4DDE-A3AB-2ABDC32DD3A8}"
EndProject
Project("{2150E333-8FDC-42A3-9474-1A3956D46DE8}") = "Solution Items", "Solution Items", "{58E7C953-05A0-4CBC-B741-8CB98DE9D90E}"
	ProjectSection(SolutionItems) = preProject
		readme.txt = readme.txt
		regen.bat = regen.bat
	EndProjectSection
EndProject
Project("{2150E333-8FDC-42A3-9474-1A3956D46DE8}") = "Templates", "Templates", "{A88AEC01-D2E1-4D72-9CCB-EBD8B732A157}"
	ProjectSection(SolutionItems) = preProject
		templates\CrudMethods.tpl = templates\CrudMethods.tpl
		templates\MethodStatus.tpl = templates\MethodStatus.tpl
		templates\ServicesCustom.tpl = templates\ServicesCustom.tpl
	EndProjectSection
EndProject
Project("{BBD0F5D1-1CC4-42FD-BA4C-A96779C64378}") = "BusinessLogic", "BusinessLogic\BusinessLogic.synproj", "{3322EDE9-EDC8-417C-8C35-9BF84A8B9BBB}"
EndProject
Global
	GlobalSection(SolutionConfigurationPlatforms) = preSolution
		Debug|Any CPU = Debug|Any CPU
		Release|Any CPU = Release|Any CPU
	EndGlobalSection
	GlobalSection(ProjectConfigurationPlatforms) = postSolution
		{78AC34D5-B158-4DDE-A3AB-2ABDC32DD3A8}.Debug|Any CPU.ActiveCfg = Debug|Any CPU
		{78AC34D5-B158-4DDE-A3AB-2ABDC32DD3A8}.Debug|Any CPU.Build.0 = Debug|Any CPU
		{78AC34D5-B158-4DDE-A3AB-2ABDC32DD3A8}.Release|Any CPU.ActiveCfg = Release|Any CPU
		{78AC34D5-B158-4DDE-A3AB-2ABDC32DD3A8}.Release|Any CPU.Build.0 = Release|Any CPU
		{3322EDE9-EDC8-417C-8C35-9BF84A8B9BBB}.Debug|Any CPU.ActiveCfg = Debug|Any CPU
		{3322EDE9-EDC8-417C-8C35-9BF84A8B9BBB}.Debug|Any CPU.Build.0 = Debug|Any CPU
		{3322EDE9-EDC8-417C-8C35-9BF84A8B9BBB}.Release|Any CPU.ActiveCfg = Release|Any CPU
		{3322EDE9-EDC8-417C-8C35-9BF84A8B9BBB}.Release|Any CPU.Build.0 = Release|Any CPU
	EndGlobalSection
	GlobalSection(SolutionProperties) = preSolution
		HideSolutionNode = FALSE
	EndGlobalSection
EndGlobal
